
Microsoft Visual Studio Solution File, Format Version 12.00
# Visual Studio 15
VisualStudioVersion = 15.0.28010.2026
MinimumVisualStudioVersion = 10.0.40219.1
Project("{FAE04EC0-301F-11D3-BF4B-00C04F79EFBC}") = "ProjectA-DB", "ProjectA-DB\ProjectA-DB.csproj", "{D8ACEBBF-ACF1-45D7-B5CE-9926536F16B8}"
EndProject
Global
	GlobalSection(SolutionConfigurationPlatforms) = preSolution
		Debug|Any CPU = Debug|Any CPU
		Release|Any CPU = Release|Any CPU
	EndGlobalSection
	GlobalSection(ProjectConfigurationPlatforms) = postSolution
		{D8ACEBBF-ACF1-45D7-B5CE-9926536F16B8}.Debug|Any CPU.ActiveCfg = Debug|Any CPU
		{D8ACEBBF-ACF1-45D7-B5CE-9926536F16B8}.Debug|Any CPU.Build.0 = Debug|Any CPU
		{D8ACEBBF-ACF1-45D7-B5CE-9926536F16B8}.Release|Any CPU.ActiveCfg = Release|Any CPU
		{D8ACEBBF-ACF1-45D7-B5CE-9926536F16B8}.Release|Any CPU.Build.0 = Release|Any CPU
	EndGlobalSection
	GlobalSection(SolutionProperties) = preSolution
		HideSolutionNode = FALSE
	EndGlobalSection
	GlobalSection(ExtensibilityGlobals) = postSolution
		SolutionGuid = {99F881FC-3FF7-440B-BBE6-0FD91E5C1558}
	EndGlobalSection
EndGlobal
